
Microsoft Visual Studio Solution File, Format Version 12.00
# Visual Studio 2012
Project("{FAE04EC0-301F-11D3-BF4B-00C04F79EFBC}") = "UnityVS.DiffMod.CSharp", "UnityVS.DiffMod.CSharp.csproj", "{4AA37251-A12C-779F-05D6-72A880868921}"
EndProject
Project("{FAE04EC0-301F-11D3-BF4B-00C04F79EFBC}") = "UnityVS.DiffMod.CSharp.Editor", "UnityVS.DiffMod.CSharp.Editor.csproj", "{D7C5E6D6-C35A-2A87-72B3-1CCAA80F5F71}"
EndProject
Project("{1FAC5C55-277D-4884-94A4-83DBDAF57E56}") = "UnityVS.DiffMod.UnityScript.Plugins", "UnityVS.DiffMod.UnityScript.Plugins.unityproj", "{78122D79-5B73-228E-969C-680709E17FE8}"
EndProject
Project("{FAE04EC0-301F-11D3-BF4B-00C04F79EFBC}") = "UnityVS.DiffMod.CSharp.Plugins", "UnityVS.DiffMod.CSharp.Plugins.csproj", "{8439EAEB-A786-0C2A-920B-BA167A9939E6}"
EndProject
Global
	GlobalSection(SolutionConfigurationPlatforms) = preSolution
		Debug|Any CPU = Debug|Any CPU
		Release|Any CPU = Release|Any CPU
	EndGlobalSection
	GlobalSection(ProjectConfigurationPlatforms) = postSolution
		{4AA37251-A12C-779F-05D6-72A880868921}.Debug|Any CPU.ActiveCfg = Debug|Any CPU
		{4AA37251-A12C-779F-05D6-72A880868921}.Debug|Any CPU.Build.0 = Debug|Any CPU
		{4AA37251-A12C-779F-05D6-72A880868921}.Release|Any CPU.ActiveCfg = Release|Any CPU
		{4AA37251-A12C-779F-05D6-72A880868921}.Release|Any CPU.Build.0 = Release|Any CPU
		{D7C5E6D6-C35A-2A87-72B3-1CCAA80F5F71}.Debug|Any CPU.ActiveCfg = Debug|Any CPU
		{D7C5E6D6-C35A-2A87-72B3-1CCAA80F5F71}.Debug|Any CPU.Build.0 = Debug|Any CPU
		{D7C5E6D6-C35A-2A87-72B3-1CCAA80F5F71}.Release|Any CPU.ActiveCfg = Release|Any CPU
		{D7C5E6D6-C35A-2A87-72B3-1CCAA80F5F71}.Release|Any CPU.Build.0 = Release|Any CPU
		{78122D79-5B73-228E-969C-680709E17FE8}.Debug|Any CPU.ActiveCfg = Debug|Any CPU
		{78122D79-5B73-228E-969C-680709E17FE8}.Debug|Any CPU.Build.0 = Debug|Any CPU
		{78122D79-5B73-228E-969C-680709E17FE8}.Release|Any CPU.ActiveCfg = Release|Any CPU
		{78122D79-5B73-228E-969C-680709E17FE8}.Release|Any CPU.Build.0 = Release|Any CPU
		{8439EAEB-A786-0C2A-920B-BA167A9939E6}.Debug|Any CPU.ActiveCfg = Debug|Any CPU
		{8439EAEB-A786-0C2A-920B-BA167A9939E6}.Debug|Any CPU.Build.0 = Debug|Any CPU
		{8439EAEB-A786-0C2A-920B-BA167A9939E6}.Release|Any CPU.ActiveCfg = Release|Any CPU
		{8439EAEB-A786-0C2A-920B-BA167A9939E6}.Release|Any CPU.Build.0 = Release|Any CPU
	EndGlobalSection
	GlobalSection(SolutionProperties) = preSolution
		HideSolutionNode = FALSE
	EndGlobalSection
EndGlobal
